
Microsoft Visual Studio Solution File, Format Version 12.00
# Visual Studio 15
VisualStudioVersion = 15.0.27130.2020
MinimumVisualStudioVersion = 10.0.40219.1
Project("{FAE04EC0-301F-11D3-BF4B-00C04F79EFBC}") = "ByteBank.Forum", "ByteBank.Forum\ByteBank.Forum.csproj", "{5A9204B5-E631-470D-B261-0D842FE76A0D}"
EndProject
Global
	GlobalSection(SolutionConfigurationPlatforms) = preSolution
		Debug|Any CPU = Debug|Any CPU
		Release|Any CPU = Release|Any CPU
	EndGlobalSection
	GlobalSection(ProjectConfigurationPlatforms) = postSolution
		{5A9204B5-E631-470D-B261-0D842FE76A0D}.Debug|Any CPU.ActiveCfg = Debug|Any CPU
		{5A9204B5-E631-470D-B261-0D842FE76A0D}.Debug|Any CPU.Build.0 = Debug|Any CPU
		{5A9204B5-E631-470D-B261-0D842FE76A0D}.Release|Any CPU.ActiveCfg = Release|Any CPU
		{5A9204B5-E631-470D-B261-0D842FE76A0D}.Release|Any CPU.Build.0 = Release|Any CPU
	EndGlobalSection
	GlobalSection(SolutionProperties) = preSolution
		HideSolutionNode = FALSE
	EndGlobalSection
	GlobalSection(ExtensibilityGlobals) = postSolution
		SolutionGuid = {6F6BDDAC-FADA-4A12-9EB7-B68DAFFE669D}
	EndGlobalSection
EndGlobal
